// !$*UTF8*$!
{
	archiveVersion = 1;
	classes = {
	};
	objectVersion = 51;
	objects = {

/* Begin PBXBuildFile section */
		1737E719E823D018FA705068 /* Pods_TestingProject_TestingProjectUITests.framework in Frameworks */ = {isa = PBXBuildFile; fileRef = 7020E1B4D5E1CB4A73BAA9B0 /* Pods_TestingProject_TestingProjectUITests.framework */; };
		881A940C25BC2A0900267FDB /* Tab01.swift in Sources */ = {isa = PBXBuildFile; fileRef = 881A940B25BC2A0900267FDB /* Tab01.swift */; };
		8845433E2500BC7400956912 /* AddManual.swift in Sources */ = {isa = PBXBuildFile; fileRef = 8845433D2500BC7400956912 /* AddManual.swift */; };
		884AC60A25025C5E00445FCF /* VideoCapture.swift in Sources */ = {isa = PBXBuildFile; fileRef = 884AC60925025C5E00445FCF /* VideoCapture.swift */; };
		88BB3F8824F3DDDB0007475D /* AppDelegate.swift in Sources */ = {isa = PBXBuildFile; fileRef = 88BB3F8724F3DDDB0007475D /* AppDelegate.swift */; };
		88BB3F8A24F3DDDB0007475D /* SceneDelegate.swift in Sources */ = {isa = PBXBuildFile; fileRef = 88BB3F8924F3DDDB0007475D /* SceneDelegate.swift */; };
		88BB3F8C24F3DDDB0007475D /* ViewController.swift in Sources */ = {isa = PBXBuildFile; fileRef = 88BB3F8B24F3DDDB0007475D /* ViewController.swift */; };
		88BB3F8F24F3DDDB0007475D /* Main.storyboard in Resources */ = {isa = PBXBuildFile; fileRef = 88BB3F8D24F3DDDB0007475D /* Main.storyboard */; };
		88BB3F9124F3DDDD0007475D /* Assets.xcassets in Resources */ = {isa = PBXBuildFile; fileRef = 88BB3F9024F3DDDD0007475D /* Assets.xcassets */; };
		88BB3F9424F3DDDD0007475D /* LaunchScreen.storyboard in Resources */ = {isa = PBXBuildFile; fileRef = 88BB3F9224F3DDDD0007475D /* LaunchScreen.storyboard */; };
		88BB3F9F24F3DDDD0007475D /* TestingProjectTests.swift in Sources */ = {isa = PBXBuildFile; fileRef = 88BB3F9E24F3DDDD0007475D /* TestingProjectTests.swift */; };
		88BB3FAA24F3DDDD0007475D /* TestingProjectUITests.swift in Sources */ = {isa = PBXBuildFile; fileRef = 88BB3FA924F3DDDD0007475D /* TestingProjectUITests.swift */; };
		B5C3CA7C326A1D532F27A773 /* Pods_TestingProjectTests.framework in Frameworks */ = {isa = PBXBuildFile; fileRef = 0016A72168E421692F461B49 /* Pods_TestingProjectTests.framework */; };
		D349F8C70A65AE8E7F5952D4 /* Pods_TestingProject.framework in Frameworks */ = {isa = PBXBuildFile; fileRef = E2181919569EBEEA70C96522 /* Pods_TestingProject.framework */; };
/* End PBXBuildFile section */

/* Begin PBXContainerItemProxy section */
		88BB3F9B24F3DDDD0007475D /* PBXContainerItemProxy */ = {
			isa = PBXContainerItemProxy;
			containerPortal = 88BB3F7C24F3DDDB0007475D /* Project object */;
			proxyType = 1;
			remoteGlobalIDString = 88BB3F8324F3DDDB0007475D;
			remoteInfo = TestingProject;
		};
		88BB3FA624F3DDDD0007475D /* PBXContainerItemProxy */ = {
			isa = PBXContainerItemProxy;
			containerPortal = 88BB3F7C24F3DDDB0007475D /* Project object */;
			proxyType = 1;
			remoteGlobalIDString = 88BB3F8324F3DDDB0007475D;
			remoteInfo = TestingProject;
		};
/* End PBXContainerItemProxy section */

/* Begin PBXFileReference section */
		0016A72168E421692F461B49 /* Pods_TestingProjectTests.framework */ = {isa = PBXFileReference; explicitFileType = wrapper.framework; includeInIndex = 0; path = Pods_TestingProjectTests.framework; sourceTree = BUILT_PRODUCTS_DIR; };
		0FD9D22782A472A1DAD0A127 /* Pods-TestingProject-TestingProjectUITests.release.xcconfig */ = {isa = PBXFileReference; includeInIndex = 1; lastKnownFileType = text.xcconfig; name = "Pods-TestingProject-TestingProjectUITests.release.xcconfig"; path = "Target Support Files/Pods-TestingProject-TestingProjectUITests/Pods-TestingProject-TestingProjectUITests.release.xcconfig"; sourceTree = "<group>"; };
		7020E1B4D5E1CB4A73BAA9B0 /* Pods_TestingProject_TestingProjectUITests.framework */ = {isa = PBXFileReference; explicitFileType = wrapper.framework; includeInIndex = 0; path = Pods_TestingProject_TestingProjectUITests.framework; sourceTree = BUILT_PRODUCTS_DIR; };
		881A940B25BC2A0900267FDB /* Tab01.swift */ = {isa = PBXFileReference; lastKnownFileType = sourcecode.swift; path = Tab01.swift; sourceTree = "<group>"; };
		8845433D2500BC7400956912 /* AddManual.swift */ = {isa = PBXFileReference; lastKnownFileType = sourcecode.swift; path = AddManual.swift; sourceTree = "<group>"; };
		884AC60925025C5E00445FCF /* VideoCapture.swift */ = {isa = PBXFileReference; lastKnownFileType = sourcecode.swift; path = VideoCapture.swift; sourceTree = "<group>"; };
		88BB3F8424F3DDDB0007475D /* TestingProject.app */ = {isa = PBXFileReference; explicitFileType = wrapper.application; includeInIndex = 0; path = TestingProject.app; sourceTree = BUILT_PRODUCTS_DIR; };
		88BB3F8724F3DDDB0007475D /* AppDelegate.swift */ = {isa = PBXFileReference; lastKnownFileType = sourcecode.swift; path = AppDelegate.swift; sourceTree = "<group>"; };
		88BB3F8924F3DDDB0007475D /* SceneDelegate.swift */ = {isa = PBXFileReference; lastKnownFileType = sourcecode.swift; path = SceneDelegate.swift; sourceTree = "<group>"; };
		88BB3F8B24F3DDDB0007475D /* ViewController.swift */ = {isa = PBXFileReference; lastKnownFileType = sourcecode.swift; path = ViewController.swift; sourceTree = "<group>"; };
		88BB3F8E24F3DDDB0007475D /* Base */ = {isa = PBXFileReference; lastKnownFileType = file.storyboard; name = Base; path = Base.lproj/Main.storyboard; sourceTree = "<group>"; };
		88BB3F9024F3DDDD0007475D /* Assets.xcassets */ = {isa = PBXFileReference; lastKnownFileType = folder.assetcatalog; path = Assets.xcassets; sourceTree = "<group>"; };
		88BB3F9324F3DDDD0007475D /* Base */ = {isa = PBXFileReference; lastKnownFileType = file.storyboard; name = Base; path = Base.lproj/LaunchScreen.storyboard; sourceTree = "<group>"; };
		88BB3F9524F3DDDD0007475D /* Info.plist */ = {isa = PBXFileReference; lastKnownFileType = text.plist.xml; path = Info.plist; sourceTree = "<group>"; };
		88BB3F9A24F3DDDD0007475D /* TestingProjectTests.xctest */ = {isa = PBXFileReference; explicitFileType = wrapper.cfbundle; includeInIndex = 0; path = TestingProjectTests.xctest; sourceTree = BUILT_PRODUCTS_DIR; };
		88BB3F9E24F3DDDD0007475D /* TestingProjectTests.swift */ = {isa = PBXFileReference; lastKnownFileType = sourcecode.swift; path = TestingProjectTests.swift; sourceTree = "<group>"; };
		88BB3FA024F3DDDD0007475D /* Info.plist */ = {isa = PBXFileReference; lastKnownFileType = text.plist.xml; path = Info.plist; sourceTree = "<group>"; };
		88BB3FA524F3DDDD0007475D /* TestingProjectUITests.xctest */ = {isa = PBXFileReference; explicitFileType = wrapper.cfbundle; includeInIndex = 0; path = TestingProjectUITests.xctest; sourceTree = BUILT_PRODUCTS_DIR; };
		88BB3FA924F3DDDD0007475D /* TestingProjectUITests.swift */ = {isa = PBXFileReference; lastKnownFileType = sourcecode.swift; path = TestingProjectUITests.swift; sourceTree = "<group>"; };
		88BB3FAB24F3DDDD0007475D /* Info.plist */ = {isa = PBXFileReference; lastKnownFileType = text.plist.xml; path = Info.plist; sourceTree = "<group>"; };
		C68D53D40A74E3BC832ECFF1 /* Pods-TestingProject-TestingProjectUITests.debug.xcconfig */ = {isa = PBXFileReference; includeInIndex = 1; lastKnownFileType = text.xcconfig; name = "Pods-TestingProject-TestingProjectUITests.debug.xcconfig"; path = "Target Support Files/Pods-TestingProject-TestingProjectUITests/Pods-TestingProject-TestingProjectUITests.debug.xcconfig"; sourceTree = "<group>"; };
		DECB6A8D33C8483F028727FD /* Pods-TestingProject.debug.xcconfig */ = {isa = PBXFileReference; includeInIndex = 1; lastKnownFileType = text.xcconfig; name = "Pods-TestingProject.debug.xcconfig"; path = "Target Support Files/Pods-TestingProject/Pods-TestingProject.debug.xcconfig"; sourceTree = "<group>"; };
		DF7D32613C732B284AC1CF0D /* Pods-TestingProjectTests.release.xcconfig */ = {isa = PBXFileReference; includeInIndex = 1; lastKnownFileType = text.xcconfig; name = "Pods-TestingProjectTests.release.xcconfig"; path = "Target Support Files/Pods-TestingProjectTests/Pods-TestingProjectTests.release.xcconfig"; sourceTree = "<group>"; };
		E2181919569EBEEA70C96522 /* Pods_TestingProject.framework */ = {isa = PBXFileReference; explicitFileType = wrapper.framework; includeInIndex = 0; path = Pods_TestingProject.framework; sourceTree = BUILT_PRODUCTS_DIR; };
		F46EAF1FA6608798B0894964 /* Pods-TestingProject.release.xcconfig */ = {isa = PBXFileReference; includeInIndex = 1; lastKnownFileType = text.xcconfig; name = "Pods-TestingProject.release.xcconfig"; path = "Target Support Files/Pods-TestingProject/Pods-TestingProject.release.xcconfig"; sourceTree = "<group>"; };
		FBC58B4A0B6201DF457ED474 /* Pods-TestingProjectTests.debug.xcconfig */ = {isa = PBXFileReference; includeInIndex = 1; lastKnownFileType = text.xcconfig; name = "Pods-TestingProjectTests.debug.xcconfig"; path = "Target Support Files/Pods-TestingProjectTests/Pods-TestingProjectTests.debug.xcconfig"; sourceTree = "<group>"; };
/* End PBXFileReference section */

/* Begin PBXFrameworksBuildPhase section */
		88BB3F8124F3DDDB0007475D /* Frameworks */ = {
			isa = PBXFrameworksBuildPhase;
			buildActionMask = 2147483647;
			files = (
				D349F8C70A65AE8E7F5952D4 /* Pods_TestingProject.framework in Frameworks */,
			);
			runOnlyForDeploymentPostprocessing = 0;
		};
		88BB3F9724F3DDDD0007475D /* Frameworks */ = {
			isa = PBXFrameworksBuildPhase;
			buildActionMask = 2147483647;
			files = (
				B5C3CA7C326A1D532F27A773 /* Pods_TestingProjectTests.framework in Frameworks */,
			);
			runOnlyForDeploymentPostprocessing = 0;
		};
		88BB3FA224F3DDDD0007475D /* Frameworks */ = {
			isa = PBXFrameworksBuildPhase;
			buildActionMask = 2147483647;
			files = (
				1737E719E823D018FA705068 /* Pods_TestingProject_TestingProjectUITests.framework in Frameworks */,
			);
			runOnlyForDeploymentPostprocessing = 0;
		};
/* End PBXFrameworksBuildPhase section */

/* Begin PBXGroup section */
		7E73733040EAC2701D236865 /* Pods */ = {
			isa = PBXGroup;
			children = (
				DECB6A8D33C8483F028727FD /* Pods-TestingProject.debug.xcconfig */,
				F46EAF1FA6608798B0894964 /* Pods-TestingProject.release.xcconfig */,
				C68D53D40A74E3BC832ECFF1 /* Pods-TestingProject-TestingProjectUITests.debug.xcconfig */,
				0FD9D22782A472A1DAD0A127 /* Pods-TestingProject-TestingProjectUITests.release.xcconfig */,
				FBC58B4A0B6201DF457ED474 /* Pods-TestingProjectTests.debug.xcconfig */,
				DF7D32613C732B284AC1CF0D /* Pods-TestingProjectTests.release.xcconfig */,
			);
			path = Pods;
			sourceTree = "<group>";
		};
		88BB3F7B24F3DDDB0007475D = {
			isa = PBXGroup;
			children = (
				88BB3F8624F3DDDB0007475D /* TestingProject */,
				88BB3F9D24F3DDDD0007475D /* TestingProjectTests */,
				88BB3FA824F3DDDD0007475D /* TestingProjectUITests */,
				88BB3F8524F3DDDB0007475D /* Products */,
				7E73733040EAC2701D236865 /* Pods */,
				9CEA7394737C001B69A2BA6F /* Frameworks */,
			);
			sourceTree = "<group>";
		};
		88BB3F8524F3DDDB0007475D /* Products */ = {
			isa = PBXGroup;
			children = (
				88BB3F8424F3DDDB0007475D /* TestingProject.app */,
				88BB3F9A24F3DDDD0007475D /* TestingProjectTests.xctest */,
				88BB3FA524F3DDDD0007475D /* TestingProjectUITests.xctest */,
			);
			name = Products;
			sourceTree = "<group>";
		};
		88BB3F8624F3DDDB0007475D /* TestingProject */ = {
			isa = PBXGroup;
			children = (
				88BB3F8724F3DDDB0007475D /* AppDelegate.swift */,
				88BB3F8924F3DDDB0007475D /* SceneDelegate.swift */,
				88BB3F8B24F3DDDB0007475D /* ViewController.swift */,
				88BB3F8D24F3DDDB0007475D /* Main.storyboard */,
				88BB3F9024F3DDDD0007475D /* Assets.xcassets */,
				88BB3F9224F3DDDD0007475D /* LaunchScreen.storyboard */,
				88BB3F9524F3DDDD0007475D /* Info.plist */,
				8845433D2500BC7400956912 /* AddManual.swift */,
				884AC60925025C5E00445FCF /* VideoCapture.swift */,
				881A940B25BC2A0900267FDB /* Tab01.swift */,
			);
			path = TestingProject;
			sourceTree = "<group>";
		};
		88BB3F9D24F3DDDD0007475D /* TestingProjectTests */ = {
			isa = PBXGroup;
			children = (
				88BB3F9E24F3DDDD0007475D /* TestingProjectTests.swift */,
				88BB3FA024F3DDDD0007475D /* Info.plist */,
			);
			path = TestingProjectTests;
			sourceTree = "<group>";
		};
		88BB3FA824F3DDDD0007475D /* TestingProjectUITests */ = {
			isa = PBXGroup;
			children = (
				88BB3FA924F3DDDD0007475D /* TestingProjectUITests.swift */,
				88BB3FAB24F3DDDD0007475D /* Info.plist */,
			);
			path = TestingProjectUITests;
			sourceTree = "<group>";
		};
		9CEA7394737C001B69A2BA6F /* Frameworks */ = {
			isa = PBXGroup;
			children = (
				E2181919569EBEEA70C96522 /* Pods_TestingProject.framework */,
				7020E1B4D5E1CB4A73BAA9B0 /* Pods_TestingProject_TestingProjectUITests.framework */,
				0016A72168E421692F461B49 /* Pods_TestingProjectTests.framework */,
			);
			name = Frameworks;
			sourceTree = "<group>";
		};
/* End PBXGroup section */

/* Begin PBXNativeTarget section */
		88BB3F8324F3DDDB0007475D /* TestingProject */ = {
			isa = PBXNativeTarget;
			buildConfigurationList = 88BB3FAE24F3DDDD0007475D /* Build configuration list for PBXNativeTarget "TestingProject" */;
			buildPhases = (
				14E6A6DD58DC2C473EACB722 /* [CP] Check Pods Manifest.lock */,
				88BB3F8024F3DDDB0007475D /* Sources */,
				88BB3F8124F3DDDB0007475D /* Frameworks */,
				88BB3F8224F3DDDB0007475D /* Resources */,
				0C212CD26A8C70D362E76952 /* [CP] Embed Pods Frameworks */,
			);
			buildRules = (
			);
			dependencies = (
			);
			name = TestingProject;
			productName = TestingProject;
			productReference = 88BB3F8424F3DDDB0007475D /* TestingProject.app */;
			productType = "com.apple.product-type.application";
		};
		88BB3F9924F3DDDD0007475D /* TestingProjectTests */ = {
			isa = PBXNativeTarget;
			buildConfigurationList = 88BB3FB124F3DDDD0007475D /* Build configuration list for PBXNativeTarget "TestingProjectTests" */;
			buildPhases = (
				50727EAF3B1C8D98BE9D0F62 /* [CP] Check Pods Manifest.lock */,
				88BB3F9624F3DDDD0007475D /* Sources */,
				88BB3F9724F3DDDD0007475D /* Frameworks */,
				88BB3F9824F3DDDD0007475D /* Resources */,
			);
			buildRules = (
			);
			dependencies = (
				88BB3F9C24F3DDDD0007475D /* PBXTargetDependency */,
			);
			name = TestingProjectTests;
			productName = TestingProjectTests;
			productReference = 88BB3F9A24F3DDDD0007475D /* TestingProjectTests.xctest */;
			productType = "com.apple.product-type.bundle.unit-test";
		};
		88BB3FA424F3DDDD0007475D /* TestingProjectUITests */ = {
			isa = PBXNativeTarget;
			buildConfigurationList = 88BB3FB424F3DDDD0007475D /* Build configuration list for PBXNativeTarget "TestingProjectUITests" */;
			buildPhases = (
				D4603DDE0505D010EC54CD21 /* [CP] Check Pods Manifest.lock */,
				88BB3FA124F3DDDD0007475D /* Sources */,
				88BB3FA224F3DDDD0007475D /* Frameworks */,
				88BB3FA324F3DDDD0007475D /* Resources */,
				F12C49B01518BA2F9B34123B /* [CP] Embed Pods Frameworks */,
			);
			buildRules = (
			);
			dependencies = (
				88BB3FA724F3DDDD0007475D /* PBXTargetDependency */,
			);
			name = TestingProjectUITests;
			productName = TestingProjectUITests;
			productReference = 88BB3FA524F3DDDD0007475D /* TestingProjectUITests.xctest */;
			productType = "com.apple.product-type.bundle.ui-testing";
		};
/* End PBXNativeTarget section */

/* Begin PBXProject section */
		88BB3F7C24F3DDDB0007475D /* Project object */ = {
			isa = PBXProject;
			attributes = {
				LastSwiftUpdateCheck = 1160;
				LastUpgradeCheck = 1160;
				ORGANIZATIONNAME = iMac;
				TargetAttributes = {
					88BB3F8324F3DDDB0007475D = {
						CreatedOnToolsVersion = 11.6;
					};
					88BB3F9924F3DDDD0007475D = {
						CreatedOnToolsVersion = 11.6;
						TestTargetID = 88BB3F8324F3DDDB0007475D;
					};
					88BB3FA424F3DDDD0007475D = {
						CreatedOnToolsVersion = 11.6;
						TestTargetID = 88BB3F8324F3DDDB0007475D;
					};
				};
			};
			buildConfigurationList = 88BB3F7F24F3DDDB0007475D /* Build configuration list for PBXProject "TestingProject" */;
			compatibilityVersion = "Xcode 9.3";
			developmentRegion = en;
			hasScannedForEncodings = 0;
			knownRegions = (
				en,
				Base,
			);
			mainGroup = 88BB3F7B24F3DDDB0007475D;
			productRefGroup = 88BB3F8524F3DDDB0007475D /* Products */;
			projectDirPath = "";
			projectRoot = "";
			targets = (
				88BB3F8324F3DDDB0007475D /* TestingProject */,
				88BB3F9924F3DDDD0007475D /* TestingProjectTests */,
				88BB3FA424F3DDDD0007475D /* TestingProjectUITests */,
			);
		};
/* End PBXProject section */

/* Begin PBXResourcesBuildPhase section */
		88BB3F8224F3DDDB0007475D /* Resources */ = {
			isa = PBXResourcesBuildPhase;
			buildActionMask = 2147483647;
			files = (
				88BB3F9424F3DDDD0007475D /* LaunchScreen.storyboard in Resources */,
				88BB3F9124F3DDDD0007475D /* Assets.xcassets in Resources */,
				88BB3F8F24F3DDDB0007475D /* Main.storyboard in Resources */,
			);
			runOnlyForDeploymentPostprocessing = 0;
		};
		88BB3F9824F3DDDD0007475D /* Resources */ = {
			isa = PBXResourcesBuildPhase;
			buildActionMask = 2147483647;
			files = (
			);
			runOnlyForDeploymentPostprocessing = 0;
		};
		88BB3FA324F3DDDD0007475D /* Resources */ = {
			isa = PBXResourcesBuildPhase;
			buildActionMask = 2147483647;
			files = (
			);
			runOnlyForDeploymentPostprocessing = 0;
		};
/* End PBXResourcesBuildPhase section */

/* Begin PBXShellScriptBuildPhase section */
		0C212CD26A8C70D362E76952 /* [CP] Embed Pods Frameworks */ = {
			isa = PBXShellScriptBuildPhase;
			buildActionMask = 2147483647;
			files = (
			);
			inputFileListPaths = (
				"${PODS_ROOT}/Target Support Files/Pods-TestingProject/Pods-TestingProject-frameworks-${CONFIGURATION}-input-files.xcfilelist",
			);
			name = "[CP] Embed Pods Frameworks";
			outputFileListPaths = (
				"${PODS_ROOT}/Target Support Files/Pods-TestingProject/Pods-TestingProject-frameworks-${CONFIGURATION}-output-files.xcfilelist",
			);
			runOnlyForDeploymentPostprocessing = 0;
			shellPath = /bin/sh;
			shellScript = "\"${PODS_ROOT}/Target Support Files/Pods-TestingProject/Pods-TestingProject-frameworks.sh\"\n";
			showEnvVarsInLog = 0;
		};
		14E6A6DD58DC2C473EACB722 /* [CP] Check Pods Manifest.lock */ = {
			isa = PBXShellScriptBuildPhase;
			buildActionMask = 2147483647;
			files = (
			);
			inputFileListPaths = (
			);
			inputPaths = (
				"${PODS_PODFILE_DIR_PATH}/Podfile.lock",
				"${PODS_ROOT}/Manifest.lock",
			);
			name = "[CP] Check Pods Manifest.lock";
			outputFileListPaths = (
			);
			outputPaths = (
				"$(DERIVED_FILE_DIR)/Pods-TestingProject-checkManifestLockResult.txt",
			);
			runOnlyForDeploymentPostprocessing = 0;
			shellPath = /bin/sh;
			shellScript = "diff \"${PODS_PODFILE_DIR_PATH}/Podfile.lock\" \"${PODS_ROOT}/Manifest.lock\" > /dev/null\nif [ $? != 0 ] ; then\n    # print error to STDERR\n    echo \"error: The sandbox is not in sync with the Podfile.lock. Run 'pod install' or update your CocoaPods installation.\" >&2\n    exit 1\nfi\n# This output is used by Xcode 'outputs' to avoid re-running this script phase.\necho \"SUCCESS\" > \"${SCRIPT_OUTPUT_FILE_0}\"\n";
			showEnvVarsInLog = 0;
		};
		50727EAF3B1C8D98BE9D0F62 /* [CP] Check Pods Manifest.lock */ = {
			isa = PBXShellScriptBuildPhase;
			buildActionMask = 2147483647;
			files = (
			);
			inputFileListPaths = (
			);
			inputPaths = (
				"${PODS_PODFILE_DIR_PATH}/Podfile.lock",
				"${PODS_ROOT}/Manifest.lock",
			);
			name = "[CP] Check Pods Manifest.lock";
			outputFileListPaths = (
			);
			outputPaths = (
				"$(DERIVED_FILE_DIR)/Pods-TestingProjectTests-checkManifestLockResult.txt",
			);
			runOnlyForDeploymentPostprocessing = 0;
			shellPath = /bin/sh;
			shellScript = "diff \"${PODS_PODFILE_DIR_PATH}/Podfile.lock\" \"${PODS_ROOT}/Manifest.lock\" > /dev/null\nif [ $? != 0 ] ; then\n    # print error to STDERR\n    echo \"error: The sandbox is not in sync with the Podfile.lock. Run 'pod install' or update your CocoaPods installation.\" >&2\n    exit 1\nfi\n# This output is used by Xcode 'outputs' to avoid re-running this script phase.\necho \"SUCCESS\" > \"${SCRIPT_OUTPUT_FILE_0}\"\n";
			showEnvVarsInLog = 0;
		};
		D4603DDE0505D010EC54CD21 /* [CP] Check Pods Manifest.lock */ = {
			isa = PBXShellScriptBuildPhase;
			buildActionMask = 2147483647;
			files = (
			);
			inputFileListPaths = (
			);
			inputPaths = (
				"${PODS_PODFILE_DIR_PATH}/Podfile.lock",
				"${PODS_ROOT}/Manifest.lock",
			);
			name = "[CP] Check Pods Manifest.lock";
			outputFileListPaths = (
			);
			outputPaths = (
				"$(DERIVED_FILE_DIR)/Pods-TestingProject-TestingProjectUITests-checkManifestLockResult.txt",
			);
			runOnlyForDeploymentPostprocessing = 0;
			shellPath = /bin/sh;
			shellScript = "diff \"${PODS_PODFILE_DIR_PATH}/Podfile.lock\" \"${PODS_ROOT}/Manifest.lock\" > /dev/null\nif [ $? != 0 ] ; then\n    # print error to STDERR\n    echo \"error: The sandbox is not in sync with the Podfile.lock. Run 'pod install' or update your CocoaPods installation.\" >&2\n    exit 1\nfi\n# This output is used by Xcode 'outputs' to avoid re-running this script phase.\necho \"SUCCESS\" > \"${SCRIPT_OUTPUT_FILE_0}\"\n";
			showEnvVarsInLog = 0;
		};
		F12C49B01518BA2F9B34123B /* [CP] Embed Pods Frameworks */ = {
			isa = PBXShellScriptBuildPhase;
			buildActionMask = 2147483647;
			files = (
			);
			inputFileListPaths = (
				"${PODS_ROOT}/Target Support Files/Pods-TestingProject-TestingProjectUITests/Pods-TestingProject-TestingProjectUITests-frameworks-${CONFIGURATION}-input-files.xcfilelist",
			);
			name = "[CP] Embed Pods Frameworks";
			outputFileListPaths = (
				"${PODS_ROOT}/Target Support Files/Pods-TestingProject-TestingProjectUITests/Pods-TestingProject-TestingProjectUITests-frameworks-${CONFIGURATION}-output-files.xcfilelist",
			);
			runOnlyForDeploymentPostprocessing = 0;
			shellPath = /bin/sh;
			shellScript = "\"${PODS_ROOT}/Target Support Files/Pods-TestingProject-TestingProjectUITests/Pods-TestingProject-TestingProjectUITests-frameworks.sh\"\n";
			showEnvVarsInLog = 0;
		};
/* End PBXShellScriptBuildPhase section */

/* Begin PBXSourcesBuildPhase section */
		88BB3F8024F3DDDB0007475D /* Sources */ = {
			isa = PBXSourcesBuildPhase;
			buildActionMask = 2147483647;
			files = (
				881A940C25BC2A0900267FDB /* Tab01.swift in Sources */,
				88BB3F8C24F3DDDB0007475D /* ViewController.swift in Sources */,
				884AC60A25025C5E00445FCF /* VideoCapture.swift in Sources */,
				8845433E2500BC7400956912 /* AddManual.swift in Sources */,
				88BB3F8824F3DDDB0007475D /* AppDelegate.swift in Sources */,
				88BB3F8A24F3DDDB0007475D /* SceneDelegate.swift in Sources */,
			);
			runOnlyForDeploymentPostprocessing = 0;
		};
		88BB3F9624F3DDDD0007475D /* Sources */ = {
			isa = PBXSourcesBuildPhase;
			buildActionMask = 2147483647;
			files = (
				88BB3F9F24F3DDDD0007475D /* TestingProjectTests.swift in Sources */,
			);
			runOnlyForDeploymentPostprocessing = 0;
		};
		88BB3FA124F3DDDD0007475D /* Sources */ = {
			isa = PBXSourcesBuildPhase;
			buildActionMask = 2147483647;
			files = (
				88BB3FAA24F3DDDD0007475D /* TestingProjectUITests.swift in Sources */,
			);
			runOnlyForDeploymentPostprocessing = 0;
		};
/* End PBXSourcesBuildPhase section */

/* Begin PBXTargetDependency section */
		88BB3F9C24F3DDDD0007475D /* PBXTargetDependency */ = {
			isa = PBXTargetDependency;
			target = 88BB3F8324F3DDDB0007475D /* TestingProject */;
			targetProxy = 88BB3F9B24F3DDDD0007475D /* PBXContainerItemProxy */;
		};
		88BB3FA724F3DDDD0007475D /* PBXTargetDependency */ = {
			isa = PBXTargetDependency;
			target = 88BB3F8324F3DDDB0007475D /* TestingProject */;
			targetProxy = 88BB3FA624F3DDDD0007475D /* PBXContainerItemProxy */;
		};
/* End PBXTargetDependency section */

/* Begin PBXVariantGroup section */
		88BB3F8D24F3DDDB0007475D /* Main.storyboard */ = {
			isa = PBXVariantGroup;
			children = (
				88BB3F8E24F3DDDB0007475D /* Base */,
			);
			name = Main.storyboard;
			sourceTree = "<group>";
		};
		88BB3F9224F3DDDD0007475D /* LaunchScreen.storyboard */ = {
			isa = PBXVariantGroup;
			children = (
				88BB3F9324F3DDDD0007475D /* Base */,
			);
			name = LaunchScreen.storyboard;
			sourceTree = "<group>";
		};
/* End PBXVariantGroup section */

/* Begin XCBuildConfiguration section */
		88BB3FAC24F3DDDD0007475D /* Debug */ = {
			isa = XCBuildConfiguration;
			buildSettings = {
				ALWAYS_SEARCH_USER_PATHS = NO;
				CLANG_ANALYZER_NONNULL = YES;
				CLANG_ANALYZER_NUMBER_OBJECT_CONVERSION = YES_AGGRESSIVE;
				CLANG_CXX_LANGUAGE_STANDARD = "gnu++14";
				CLANG_CXX_LIBRARY = "libc++";
				CLANG_ENABLE_MODULES = YES;
				CLANG_ENABLE_OBJC_ARC = YES;
				CLANG_ENABLE_OBJC_WEAK = YES;
				CLANG_WARN_BLOCK_CAPTURE_AUTORELEASING = YES;
				CLANG_WARN_BOOL_CONVERSION = YES;
				CLANG_WARN_COMMA = YES;
				CLANG_WARN_CONSTANT_CONVERSION = YES;
				CLANG_WARN_DEPRECATED_OBJC_IMPLEMENTATIONS = YES;
				CLANG_WARN_DIRECT_OBJC_ISA_USAGE = YES_ERROR;
				CLANG_WARN_DOCUMENTATION_COMMENTS = YES;
				CLANG_WARN_EMPTY_BODY = YES;
				CLANG_WARN_ENUM_CONVERSION = YES;
				CLANG_WARN_INFINITE_RECURSION = YES;
				CLANG_WARN_INT_CONVERSION = YES;
				CLANG_WARN_NON_LITERAL_NULL_CONVERSION = YES;
				CLANG_WARN_OBJC_IMPLICIT_RETAIN_SELF = YES;
				CLANG_WARN_OBJC_LITERAL_CONVERSION = YES;
				CLANG_WARN_OBJC_ROOT_CLASS = YES_ERROR;
				CLANG_WARN_RANGE_LOOP_ANALYSIS = YES;
				CLANG_WARN_STRICT_PROTOTYPES = YES;
				CLANG_WARN_SUSPICIOUS_MOVE = YES;
				CLANG_WARN_UNGUARDED_AVAILABILITY = YES_AGGRESSIVE;
				CLANG_WARN_UNREACHABLE_CODE = YES;
				CLANG_WARN__DUPLICATE_METHOD_MATCH = YES;
				COPY_PHASE_STRIP = NO;
				DEBUG_INFORMATION_FORMAT = dwarf;
				ENABLE_STRICT_OBJC_MSGSEND = YES;
				ENABLE_TESTABILITY = YES;
				GCC_C_LANGUAGE_STANDARD = gnu11;
				GCC_DYNAMIC_NO_PIC = NO;
				GCC_NO_COMMON_BLOCKS = YES;
				GCC_OPTIMIZATION_LEVEL = 0;
				GCC_PREPROCESSOR_DEFINITIONS = (
					"DEBUG=1",
					"$(inherited)",
				);
				GCC_WARN_64_TO_32_BIT_CONVERSION = YES;
				GCC_WARN_ABOUT_RETURN_TYPE = YES_ERROR;
				GCC_WARN_UNDECLARED_SELECTOR = YES;
				GCC_WARN_UNINITIALIZED_AUTOS = YES_AGGRESSIVE;
				GCC_WARN_UNUSED_FUNCTION = YES;
				GCC_WARN_UNUSED_VARIABLE = YES;
				IPHONEOS_DEPLOYMENT_TARGET = 13.5;
				MTL_ENABLE_DEBUG_INFO = INCLUDE_SOURCE;
				MTL_FAST_MATH = YES;
				ONLY_ACTIVE_ARCH = YES;
				SDKROOT = iphoneos;
				SWIFT_ACTIVE_COMPILATION_CONDITIONS = DEBUG;
				SWIFT_OPTIMIZATION_LEVEL = "-Onone";
			};
			name = Debug;
		};
		88BB3FAD24F3DDDD0007475D /* Release */ = {
			isa = XCBuildConfiguration;
			buildSettings = {
				ALWAYS_SEARCH_USER_PATHS = NO;
				CLANG_ANALYZER_NONNULL = YES;
				CLANG_ANALYZER_NUMBER_OBJECT_CONVERSION = YES_AGGRESSIVE;
				CLANG_CXX_LANGUAGE_STANDARD = "gnu++14";
				CLANG_CXX_LIBRARY = "libc++";
				CLANG_ENABLE_MODULES = YES;
				CLANG_ENABLE_OBJC_ARC = YES;
				CLANG_ENABLE_OBJC_WEAK = YES;
				CLANG_WARN_BLOCK_CAPTURE_AUTORELEASING = YES;
				CLANG_WARN_BOOL_CONVERSION = YES;
				CLANG_WARN_COMMA = YES;
				CLANG_WARN_CONSTANT_CONVERSION = YES;
				CLANG_WARN_DEPRECATED_OBJC_IMPLEMENTATIONS = YES;
				CLANG_WARN_DIRECT_OBJC_ISA_USAGE = YES_ERROR;
				CLANG_WARN_DOCUMENTATION_COMMENTS = YES;
				CLANG_WARN_EMPTY_BODY = YES;
				CLANG_WARN_ENUM_CONVERSION = YES;
				CLANG_WARN_INFINITE_RECURSION = YES;
				CLANG_WARN_INT_CONVERSION = YES;
				CLANG_WARN_NON_LITERAL_NULL_CONVERSION = YES;
				CLANG_WARN_OBJC_IMPLICIT_RETAIN_SELF = YES;
				CLANG_WARN_OBJC_LITERAL_CONVERSION = YES;
				CLANG_WARN_OBJC_ROOT_CLASS = YES_ERROR;
				CLANG_WARN_RANGE_LOOP_ANALYSIS = YES;
				CLANG_WARN_STRICT_PROTOTYPES = YES;
				CLANG_WARN_SUSPICIOUS_MOVE = YES;
				CLANG_WARN_UNGUARDED_AVAILABILITY = YES_AGGRESSIVE;
				CLANG_WARN_UNREACHABLE_CODE = YES;
				CLANG_WARN__DUPLICATE_METHOD_MATCH = YES;
				COPY_PHASE_STRIP = NO;
				DEBUG_INFORMATION_FORMAT = "dwarf-with-dsym";
				ENABLE_NS_ASSERTIONS = NO;
				ENABLE_STRICT_OBJC_MSGSEND = YES;
				GCC_C_LANGUAGE_STANDARD = gnu11;
				GCC_NO_COMMON_BLOCKS = YES;
				GCC_WARN_64_TO_32_BIT_CONVERSION = YES;
				GCC_WARN_ABOUT_RETURN_TYPE = YES_ERROR;
				GCC_WARN_UNDECLARED_SELECTOR = YES;
				GCC_WARN_UNINITIALIZED_AUTOS = YES_AGGRESSIVE;
				GCC_WARN_UNUSED_FUNCTION = YES;
				GCC_WARN_UNUSED_VARIABLE = YES;
				IPHONEOS_DEPLOYMENT_TARGET = 13.5;
				MTL_ENABLE_DEBUG_INFO = NO;
				MTL_FAST_MATH = YES;
				SDKROOT = iphoneos;
				SWIFT_COMPILATION_MODE = wholemodule;
				SWIFT_OPTIMIZATION_LEVEL = "-O";
				VALIDATE_PRODUCT = YES;
			};
			name = Release;
		};
		88BB3FAF24F3DDDD0007475D /* Debug */ = {
			isa = XCBuildConfiguration;
			baseConfigurationReference = DECB6A8D33C8483F028727FD /* Pods-TestingProject.debug.xcconfig */;
			buildSettings = {
				ASSETCATALOG_COMPILER_APPICON_NAME = AppIcon;
				CODE_SIGN_STYLE = Automatic;
				DEVELOPMENT_TEAM = 33ELC5AZPX;
				INFOPLIST_FILE = TestingProject/Info.plist;
				LD_RUNPATH_SEARCH_PATHS = (
					"$(inherited)",
					"@executable_path/Frameworks",
				);
				PRODUCT_BUNDLE_IDENTIFIER = sdf.TestingProject;
				PRODUCT_NAME = "$(TARGET_NAME)";
				SWIFT_VERSION = 5.0;
				TARGETED_DEVICE_FAMILY = "1,2";
			};
			name = Debug;
		};
		88BB3FB024F3DDDD0007475D /* Release */ = {
			isa = XCBuildConfiguration;
			baseConfigurationReference = F46EAF1FA6608798B0894964 /* Pods-TestingProject.release.xcconfig */;
			buildSettings = {
				ASSETCATALOG_COMPILER_APPICON_NAME = AppIcon;
				CODE_SIGN_STYLE = Automatic;
				DEVELOPMENT_TEAM = 33ELC5AZPX;
				INFOPLIST_FILE = TestingProject/Info.plist;
				LD_RUNPATH_SEARCH_PATHS = (
					"$(inherited)",
					"@executable_path/Frameworks",
				);
				PRODUCT_BUNDLE_IDENTIFIER = sdf.TestingProject;
				PRODUCT_NAME = "$(TARGET_NAME)";
				SWIFT_VERSION = 5.0;
				TARGETED_DEVICE_FAMILY = "1,2";
			};
			name = Release;
		};
		88BB3FB224F3DDDD0007475D /* Debug */ = {
			isa = XCBuildConfiguration;
			baseConfigurationReference = FBC58B4A0B6201DF457ED474 /* Pods-TestingProjectTests.debug.xcconfig */;
			buildSettings = {
				ALWAYS_EMBED_SWIFT_STANDARD_LIBRARIES = YES;
				BUNDLE_LOADER = "$(TEST_HOST)";
				CODE_SIGN_STYLE = Automatic;
				DEVELOPMENT_TEAM = 33ELC5AZPX;
				INFOPLIST_FILE = TestingProjectTests/Info.plist;
				IPHONEOS_DEPLOYMENT_TARGET = 13.6;
				LD_RUNPATH_SEARCH_PATHS = (
					"$(inherited)",
					"@executable_path/Frameworks",
					"@loader_path/Frameworks",
				);
				PRODUCT_BUNDLE_IDENTIFIER = sdf.TestingProjectTests;
				PRODUCT_NAME = "$(TARGET_NAME)";
				SWIFT_VERSION = 5.0;
				TARGETED_DEVICE_FAMILY = "1,2";
				TEST_HOST = "$(BUILT_PRODUCTS_DIR)/TestingProject.app/TestingProject";
			};
			name = Debug;
		};
		88BB3FB324F3DDDD0007475D /* Release */ = {
			isa = XCBuildConfiguration;
			baseConfigurationReference = DF7D32613C732B284AC1CF0D /* Pods-TestingProjectTests.release.xcconfig */;
			buildSettings = {
				ALWAYS_EMBED_SWIFT_STANDARD_LIBRARIES = YES;
				BUNDLE_LOADER = "$(TEST_HOST)";
				CODE_SIGN_STYLE = Automatic;
				DEVELOPMENT_TEAM = 33ELC5AZPX;
				INFOPLIST_FILE = TestingProjectTests/Info.plist;
				IPHONEOS_DEPLOYMENT_TARGET = 13.6;
				LD_RUNPATH_SEARCH_PATHS = (
					"$(inherited)",
					"@executable_path/Frameworks",
					"@loader_path/Frameworks",
				);
				PRODUCT_BUNDLE_IDENTIFIER = sdf.TestingProjectTests;
				PRODUCT_NAME = "$(TARGET_NAME)";
				SWIFT_VERSION = 5.0;
				TARGETED_DEVICE_FAMILY = "1,2";
				TEST_HOST = "$(BUILT_PRODUCTS_DIR)/TestingProject.app/TestingProject";
			};
			name = Release;
		};
		88BB3FB524F3DDDD0007475D /* Debug */ = {
			isa = XCBuildConfiguration;
			baseConfigurationReference = C68D53D40A74E3BC832ECFF1 /* Pods-TestingProject-TestingProjectUITests.debug.xcconfig */;
			buildSettings = {
				ALWAYS_EMBED_SWIFT_STANDARD_LIBRARIES = YES;
				CODE_SIGN_STYLE = Automatic;
				DEVELOPMENT_TEAM = 33ELC5AZPX;
				INFOPLIST_FILE = TestingProjectUITests/Info.plist;
				LD_RUNPATH_SEARCH_PATHS = (
					"$(inherited)",
					"@executable_path/Frameworks",
					"@loader_path/Frameworks",
				);
				PRODUCT_BUNDLE_IDENTIFIER = sdf.TestingProjectUITests;
				PRODUCT_NAME = "$(TARGET_NAME)";
				SWIFT_VERSION = 5.0;
				TARGETED_DEVICE_FAMILY = "1,2";
				TEST_TARGET_NAME = TestingProject;
			};
			name = Debug;
		};
		88BB3FB624F3DDDD0007475D /* Release */ = {
			isa = XCBuildConfiguration;
			baseConfigurationReference = 0FD9D22782A472A1DAD0A127 /* Pods-TestingProject-TestingProjectUITests.release.xcconfig */;
			buildSettings = {
				ALWAYS_EMBED_SWIFT_STANDARD_LIBRARIES = YES;
				CODE_SIGN_STYLE = Automatic;
				DEVELOPMENT_TEAM = 33ELC5AZPX;
				INFOPLIST_FILE = TestingProjectUITests/Info.plist;
				LD_RUNPATH_SEARCH_PATHS = (
					"$(inherited)",
					"@executable_path/Frameworks",
					"@loader_path/Frameworks",
				);
				PRODUCT_BUNDLE_IDENTIFIER = sdf.TestingProjectUITests;
				PRODUCT_NAME = "$(TARGET_NAME)";
				SWIFT_VERSION = 5.0;
				TARGETED_DEVICE_FAMILY = "1,2";
				TEST_TARGET_NAME = TestingProject;
			};
			name = Release;
		};
/* End XCBuildConfiguration section */

/* Begin XCConfigurationList section */
		88BB3F7F24F3DDDB0007475D /* Build configuration list for PBXProject "TestingProject" */ = {
			isa = XCConfigurationList;
			buildConfigurations = (
				88BB3FAC24F3DDDD0007475D /* Debug */,
				88BB3FAD24F3DDDD0007475D /* Release */,
			);
			defaultConfigurationIsVisible = 0;
			defaultConfigurationName = Release;
		};
		88BB3FAE24F3DDDD0007475D /* Build configuration list for PBXNativeTarget "TestingProject" */ = {
			isa = XCConfigurationList;
			buildConfigurations = (
				88BB3FAF24F3DDDD0007475D /* Debug */,
				88BB3FB024F3DDDD0007475D /* Release */,
			);
			defaultConfigurationIsVisible = 0;
			defaultConfigurationName = Release;
		};
		88BB3FB124F3DDDD0007475D /* Build configuration list for PBXNativeTarget "TestingProjectTests" */ = {
			isa = XCConfigurationList;
			buildConfigurations = (
				88BB3FB224F3DDDD0007475D /* Debug */,
				88BB3FB324F3DDDD0007475D /* Release */,
			);
			defaultConfigurationIsVisible = 0;
			defaultConfigurationName = Release;
		};
		88BB3FB424F3DDDD0007475D /* Build configuration list for PBXNativeTarget "TestingProjectUITests" */ = {
			isa = XCConfigurationList;
			buildConfigurations = (
				88BB3FB524F3DDDD0007475D /* Debug */,
				88BB3FB624F3DDDD0007475D /* Release */,
			);
			defaultConfigurationIsVisible = 0;
			defaultConfigurationName = Release;
		};
/* End XCConfigurationList section */
	};
	rootObject = 88BB3F7C24F3DDDB0007475D /* Project object */;
}
